#MicroXplorer Configuration settings - do not modify
CAD.formats=
CAD.pinconfig=
CAD.provider=
CORTEX_M33_NS.userName=CORTEX_M33
File.Version=6
GPDMA1.DESTDATAWIDTH_GPDMACH12=DMA_DEST_DATAWIDTH_HALFWORD
GPDMA1.DESTINC_GPDMACH12=DMA_DINC_INCREMENTED
GPDMA1.DIRECTION_GPDMACH12=DMA_MEMORY_TO_MEMORY
GPDMA1.IPHANDLE_GPDMACH12-SIMPLEREQUEST_GPDMACH12=__NULL
GPDMA1.IPParameters=IPHANDLE_GPDMACH12-SIMPLEREQUEST_GPDMACH12,REQUEST_GPDMACH12,DIRECTION_GPDMACH12,PRIORITY_GPDMACH12,SRCDATAWIDTH_GPDMACH12,DESTINC_GPDMACH12,DESTDATAWIDTH_GPDMACH12
GPDMA1.PRIORITY_GPDMACH12=DMA_LOW_PRIORITY_HIGH_WEIGHT
GPDMA1.REQUEST_GPDMACH12=GPDMA1_REQUEST_TIM8_UP
GPDMA1.SRCDATAWIDTH_GPDMACH12=DMA_SRC_DATAWIDTH_HALFWORD
GPIO.groupedBy=Group By Peripherals
I2C2.I2C_Speed_Mode=I2C_Standard
I2C2.IPParameters=Timing,I2C_Speed_Mode
I2C2.Timing=0x00000E14
I2C3.IPParameters=Timing
I2C3.Timing=0x00000E14
KeepUserPlacement=false
MMTAppRegionsCount=0
MMTConfigApplied=false
Mcu.CPN=STM32U575ZIT6
Mcu.ContextProject=TrustZoneDisabled
Mcu.Family=STM32U5
Mcu.IP0=CORTEX_M33_NS
Mcu.IP1=GPDMA1
Mcu.IP10=RCC
Mcu.IP11=SPI1
Mcu.IP12=SPI2
Mcu.IP13=SYS
Mcu.IP14=TIM8
Mcu.IP15=USB_OTG_FS
Mcu.IP2=I2C2
Mcu.IP3=I2C3
Mcu.IP4=ICACHE
Mcu.IP5=LPBAM
Mcu.IP6=LPBAMQUEUE
Mcu.IP7=MEMORYMAP
Mcu.IP8=NVIC
Mcu.IP9=PWR
Mcu.IPNb=16
Mcu.Name=STM32U575ZITx
Mcu.Package=LQFP144
Mcu.Pin0=PE2
Mcu.Pin1=PE3
Mcu.Pin10=PF5
Mcu.Pin11=PF6
Mcu.Pin12=PF7
Mcu.Pin13=PF8
Mcu.Pin14=PF9
Mcu.Pin15=PF10
Mcu.Pin16=PC0
Mcu.Pin17=PC1
Mcu.Pin18=PC2
Mcu.Pin19=PA1
Mcu.Pin2=PE4
Mcu.Pin20=PA4
Mcu.Pin21=PA6
Mcu.Pin22=PA7
Mcu.Pin23=PF11
Mcu.Pin24=PF12
Mcu.Pin25=PF13
Mcu.Pin26=PF14
Mcu.Pin27=PF15
Mcu.Pin28=PG0
Mcu.Pin29=PG1
Mcu.Pin3=PE5
Mcu.Pin30=PE7
Mcu.Pin31=PE8
Mcu.Pin32=PE9
Mcu.Pin33=PE10
Mcu.Pin34=PE11
Mcu.Pin35=PE12
Mcu.Pin36=PE13
Mcu.Pin37=PE14
Mcu.Pin38=PE15
Mcu.Pin39=PB13
Mcu.Pin4=PE6
Mcu.Pin40=PB14
Mcu.Pin41=PD8
Mcu.Pin42=PD9
Mcu.Pin43=PG2
Mcu.Pin44=PG3
Mcu.Pin45=PG4
Mcu.Pin46=PG5
Mcu.Pin47=PG6
Mcu.Pin48=PG7
Mcu.Pin49=PG8
Mcu.Pin5=PF0
Mcu.Pin50=PC7
Mcu.Pin51=PA11
Mcu.Pin52=PA12
Mcu.Pin53=PD0
Mcu.Pin54=PD1
Mcu.Pin55=PD2
Mcu.Pin56=PD3
Mcu.Pin57=PD4
Mcu.Pin58=PD5
Mcu.Pin59=PD6
Mcu.Pin6=PF1
Mcu.Pin60=PD7
Mcu.Pin61=PG9
Mcu.Pin62=PG10
Mcu.Pin63=PG11
Mcu.Pin64=PG12
Mcu.Pin65=PG13
Mcu.Pin66=PG14
Mcu.Pin67=PG15
Mcu.Pin68=PE0
Mcu.Pin69=PE1
Mcu.Pin7=PF2
Mcu.Pin70=VP_GPDMA1_VS_GPDMACH12
Mcu.Pin71=VP_ICACHE_VS_ICACHE
Mcu.Pin72=VP_ICACHE_VS_ENABLE_ICACHE_MEMORY
Mcu.Pin73=VP_LPBAMQUEUE_VS_QUEUE
Mcu.Pin74=VP_PWR_VS_SECSignals
Mcu.Pin75=VP_SYS_VS_Systick
Mcu.Pin76=VP_TIM8_VS_ClockSourceINT
Mcu.Pin77=VP_LPBAM_VS_SIG1
Mcu.Pin78=VP_LPBAM_VS_SIG4
Mcu.Pin79=VP_MEMORYMAP_VS_MEMORYMAP
Mcu.Pin8=PF3
Mcu.Pin9=PF4
Mcu.PinsNb=80
Mcu.ThirdPartyNb=0
Mcu.UserConstants=
Mcu.UserName=STM32U575ZITx
MxCube.Version=6.13.0
MxDb.Version=DB.6.0.130
NVIC.BusFault_IRQn=true\:0\:0\:false\:false\:true\:false\:false\:false
NVIC.DebugMonitor_IRQn=true\:0\:0\:false\:false\:true\:false\:false\:false
NVIC.ForceEnableDMAVector=true
NVIC.GPDMA1_Channel12_IRQn=true\:0\:0\:false\:false\:true\:false\:true\:true
NVIC.HardFault_IRQn=true\:0\:0\:false\:false\:true\:false\:false\:false
NVIC.MemoryManagement_IRQn=true\:0\:0\:false\:false\:true\:false\:false\:false
NVIC.NonMaskableInt_IRQn=true\:0\:0\:false\:false\:true\:false\:false\:false
NVIC.OTG_FS_IRQn=true\:0\:0\:false\:false\:true\:true\:true\:true
NVIC.PendSV_IRQn=true\:0\:0\:false\:false\:true\:false\:false\:false
NVIC.PriorityGroup=NVIC_PRIORITYGROUP_4
NVIC.SVCall_IRQn=true\:0\:0\:false\:false\:true\:false\:false\:false
NVIC.SysTick_IRQn=true\:15\:0\:false\:false\:true\:false\:true\:false
NVIC.UsageFault_IRQn=true\:0\:0\:false\:false\:true\:false\:false\:false
PA1.GPIOParameters=GPIO_Label
PA1.GPIO_Label=SPI_DAC2_SCK
PA1.Mode=Full_Duplex_Master
PA1.Signal=SPI1_SCK
PA11.Mode=Device_Only
PA11.Signal=USB_OTG_FS_DM
PA12.Mode=Device_Only
PA12.Signal=USB_OTG_FS_DP
PA4.GPIOParameters=GPIO_Label
PA4.GPIO_Label=SPI_DAC2_NSS
PA4.Mode=NSS_Signal_Hard_Output
PA4.Signal=SPI1_NSS
PA6.GPIOParameters=GPIO_Label
PA6.GPIO_Label=SPI_DAC2_MISO
PA6.Mode=Full_Duplex_Master
PA6.Signal=SPI1_MISO
PA7.GPIOParameters=GPIO_Label
PA7.GPIO_Label=SPI_DAC2_MOSI
PA7.Mode=Full_Duplex_Master
PA7.Signal=SPI1_MOSI
PB13.GPIOParameters=GPIO_Label
PB13.GPIO_Label=I2C_DAC2_CURR_POT_SCL
PB13.Locked=true
PB13.Mode=I2C
PB13.Signal=I2C2_SCL
PB14.GPIOParameters=GPIO_Label
PB14.GPIO_Label=I2C_DAC2_CURR_POT_SDA
PB14.Mode=I2C
PB14.Signal=I2C2_SDA
PC0.GPIOParameters=GPIO_Speed,GPIO_Label,GPIO_Pu
PC0.GPIO_Label=I2C_DAC1_POT_SCL
PC0.GPIO_Pu=GPIO_PULLUP
PC0.GPIO_Speed=GPIO_SPEED_FREQ_VERY_HIGH
PC0.Mode=I2C
PC0.Signal=I2C3_SCL
PC1.GPIOParameters=GPIO_Speed,GPIO_Label,GPIO_Pu
PC1.GPIO_Label=I2C_DAC1_POT_SDA
PC1.GPIO_Pu=GPIO_PULLUP
PC1.GPIO_Speed=GPIO_SPEED_FREQ_VERY_HIGH
PC1.Mode=I2C
PC1.Signal=I2C3_SDA
PC2.GPIOParameters=GPIO_Label
PC2.GPIO_Label=SPI_DAC1_MISO
PC2.Mode=Full_Duplex_Master
PC2.Signal=SPI2_MISO
PC7.GPIOParameters=GPIO_Speed,GPIO_Label
PC7.GPIO_Label=ADC_CLK_DVC
PC7.GPIO_Speed=GPIO_SPEED_FREQ_VERY_HIGH
PC7.Signal=S_TIM8_CH2
PD0.GPIOParameters=GPIO_Label
PD0.GPIO_Label=SPI_DAC1_NSS
PD0.Locked=true
PD0.Mode=NSS_Signal_Hard_Output
PD0.Signal=SPI2_NSS
PD1.GPIOParameters=GPIO_Label
PD1.GPIO_Label=ADCV1_OTR
PD1.Locked=true
PD1.Signal=GPIO_Input
PD2.GPIOParameters=GPIO_Label
PD2.GPIO_Label=ADCV2_OTR
PD2.Locked=true
PD2.Signal=GPIO_Input
PD3.GPIOParameters=GPIO_Label
PD3.GPIO_Label=SPI_DAC1_SCK
PD3.Locked=true
PD3.Mode=Full_Duplex_Master
PD3.Signal=SPI2_SCK
PD4.GPIOParameters=GPIO_Label
PD4.GPIO_Label=SPI_DAC1_MOSI
PD4.Locked=true
PD4.Mode=Full_Duplex_Master
PD4.Signal=SPI2_MOSI
PD5.GPIOParameters=GPIO_Label
PD5.GPIO_Label=SWNT_CTRL_17
PD5.Locked=true
PD5.Signal=GPIO_Output
PD6.GPIOParameters=GPIO_Label
PD6.GPIO_Label=SWNT_CTRL_18
PD6.Locked=true
PD6.Signal=GPIO_Output
PD7.GPIOParameters=GPIO_Label
PD7.GPIO_Label=SWNT_CTRL_19
PD7.Locked=true
PD7.Signal=GPIO_Output
PD8.GPIOParameters=GPIO_Label
PD8.GPIO_Label=SWNT_CTRL_20
PD8.Locked=true
PD8.Signal=GPIO_Output
PD9.GPIOParameters=GPIO_Label
PD9.GPIO_Label=SWNT_CTRL_21
PD9.Locked=true
PD9.Signal=GPIO_Output
PE0.GPIOParameters=GPIO_Label
PE0.GPIO_Label=ADCV1_D15
PE0.Locked=true
PE0.Signal=GPIO_Input
PE1.GPIOParameters=GPIO_Label
PE1.GPIO_Label=ADCV1_D14
PE1.Locked=true
PE1.Signal=GPIO_Input
PE10.GPIOParameters=GPIO_Label
PE10.GPIO_Label=ADCV1_D05
PE10.Locked=true
PE10.Signal=GPIO_Input
PE11.GPIOParameters=GPIO_Label
PE11.GPIO_Label=ADCV1_D04
PE11.Locked=true
PE11.Signal=GPIO_Input
PE12.GPIOParameters=GPIO_Label
PE12.GPIO_Label=ADCV1_D03
PE12.Locked=true
PE12.Signal=GPIO_Input
PE13.GPIOParameters=GPIO_Label
PE13.GPIO_Label=ADCV1_D02
PE13.Locked=true
PE13.Signal=GPIO_Input
PE14.GPIOParameters=GPIO_Label
PE14.GPIO_Label=ADCV1_D01
PE14.Locked=true
PE14.Signal=GPIO_Input
PE15.GPIOParameters=GPIO_Label
PE15.GPIO_Label=ADCV1_D00
PE15.Locked=true
PE15.Signal=GPIO_Input
PE2.GPIOParameters=GPIO_Label
PE2.GPIO_Label=ADCV1_D13
PE2.Locked=true
PE2.Signal=GPIO_Input
PE3.GPIOParameters=GPIO_Label
PE3.GPIO_Label=ADCV1_D12
PE3.Locked=true
PE3.Signal=GPIO_Input
PE4.GPIOParameters=GPIO_Label
PE4.GPIO_Label=ADCV1_D11
PE4.Locked=true
PE4.Signal=GPIO_Input
PE5.GPIOParameters=GPIO_Label
PE5.GPIO_Label=ADCV1_D10
PE5.Locked=true
PE5.Signal=GPIO_Input
PE6.GPIOParameters=GPIO_Label
PE6.GPIO_Label=ADCV1_D09
PE6.Locked=true
PE6.Signal=GPIO_Input
PE7.GPIOParameters=GPIO_Label
PE7.GPIO_Label=ADCV1_D08
PE7.Locked=true
PE7.Signal=GPIO_Input
PE8.GPIOParameters=GPIO_Label
PE8.GPIO_Label=ADCV1_D07
PE8.Locked=true
PE8.Signal=GPIO_Input
PE9.GPIOParameters=GPIO_Label
PE9.GPIO_Label=ADCV1_D06
PE9.Locked=true
PE9.Signal=GPIO_Input
PF0.GPIOParameters=GPIO_Label
PF0.GPIO_Label=ADCV2_D00
PF0.Locked=true
PF0.Signal=GPIO_Input
PF1.GPIOParameters=GPIO_Label
PF1.GPIO_Label=ADCV2_D01
PF1.Locked=true
PF1.Signal=GPIO_Input
PF10.GPIOParameters=GPIO_Label
PF10.GPIO_Label=ADCV2_D10
PF10.Locked=true
PF10.Signal=GPIO_Input
PF11.GPIOParameters=GPIO_Label
PF11.GPIO_Label=ADCV2_D11
PF11.Locked=true
PF11.Signal=GPIO_Input
PF12.GPIOParameters=GPIO_PuPd,GPIO_Label
PF12.GPIO_Label=ADCV2_D12
PF12.GPIO_PuPd=GPIO_PULLDOWN
PF12.Locked=true
PF12.Signal=GPIO_Input
PF13.GPIOParameters=GPIO_PuPd,GPIO_Label
PF13.GPIO_Label=ADCV2_D13
PF13.GPIO_PuPd=GPIO_PULLDOWN
PF13.Locked=true
PF13.Signal=GPIO_Input
PF14.GPIOParameters=GPIO_PuPd,GPIO_Label
PF14.GPIO_Label=ADCV2_D14
PF14.GPIO_PuPd=GPIO_PULLDOWN
PF14.Locked=true
PF14.Signal=GPIO_Input
PF15.GPIOParameters=GPIO_PuPd,GPIO_Label
PF15.GPIO_Label=ADCV2_D15
PF15.GPIO_PuPd=GPIO_PULLDOWN
PF15.Locked=true
PF15.Signal=GPIO_Input
PF2.GPIOParameters=GPIO_Label
PF2.GPIO_Label=ADCV2_D02
PF2.Locked=true
PF2.Signal=GPIO_Input
PF3.GPIOParameters=GPIO_Label
PF3.GPIO_Label=ADCV2_D03
PF3.Locked=true
PF3.Signal=GPIO_Input
PF4.GPIOParameters=GPIO_Label
PF4.GPIO_Label=ADCV2_D04
PF4.Locked=true
PF4.Signal=GPIO_Input
PF5.GPIOParameters=GPIO_Label
PF5.GPIO_Label=ADCV2_D05
PF5.Locked=true
PF5.Signal=GPIO_Input
PF6.GPIOParameters=GPIO_Label
PF6.GPIO_Label=ADCV2_D06
PF6.Locked=true
PF6.Signal=GPIO_Input
PF7.GPIOParameters=GPIO_Label
PF7.GPIO_Label=ADCV2_D07
PF7.Locked=true
PF7.Signal=GPIO_Input
PF8.GPIOParameters=GPIO_Label
PF8.GPIO_Label=ADCV2_D08
PF8.Locked=true
PF8.Signal=GPIO_Input
PF9.GPIOParameters=GPIO_Label
PF9.GPIO_Label=ADCV2_D09
PF9.Locked=true
PF9.Signal=GPIO_Input
PG0.GPIOParameters=GPIO_Label
PG0.GPIO_Label=SWNT_CTRL_01
PG0.Locked=true
PG0.Signal=GPIO_Output
PG1.GPIOParameters=GPIO_Label
PG1.GPIO_Label=SWNT_CTRL_02
PG1.Locked=true
PG1.Signal=GPIO_Output
PG10.GPIOParameters=GPIO_Label
PG10.GPIO_Label=SWNT_CTRL_11
PG10.Locked=true
PG10.Signal=GPIO_Output
PG11.GPIOParameters=GPIO_Label
PG11.GPIO_Label=SWNT_CTRL_12
PG11.Locked=true
PG11.Signal=GPIO_Output
PG12.GPIOParameters=GPIO_Label
PG12.GPIO_Label=SWNT_CTRL_13
PG12.Locked=true
PG12.Signal=GPIO_Output
PG13.GPIOParameters=GPIO_Label
PG13.GPIO_Label=SWNT_CTRL_14
PG13.Locked=true
PG13.Signal=GPIO_Output
PG14.GPIOParameters=GPIO_Label
PG14.GPIO_Label=SWNT_CTRL_15
PG14.Locked=true
PG14.Signal=GPIO_Output
PG15.GPIOParameters=GPIO_Label
PG15.GPIO_Label=SWNT_CTRL_16
PG15.Locked=true
PG15.Signal=GPIO_Output
PG2.GPIOParameters=GPIO_Label
PG2.GPIO_Label=SWNT_CTRL_03
PG2.Locked=true
PG2.Signal=GPIO_Output
PG3.GPIOParameters=GPIO_Label
PG3.GPIO_Label=SWNT_CTRL_04
PG3.Locked=true
PG3.Signal=GPIO_Output
PG4.GPIOParameters=GPIO_Label
PG4.GPIO_Label=SWNT_CTRL_05
PG4.Locked=true
PG4.Signal=GPIO_Output
PG5.GPIOParameters=GPIO_Label
PG5.GPIO_Label=SWNT_CTRL_06
PG5.Locked=true
PG5.Signal=GPIO_Output
PG6.GPIOParameters=GPIO_Label
PG6.GPIO_Label=SWNT_CTRL_07
PG6.Locked=true
PG6.Signal=GPIO_Output
PG7.GPIOParameters=GPIO_Label
PG7.GPIO_Label=SWNT_CTRL_08
PG7.Locked=true
PG7.Signal=GPIO_Output
PG8.GPIOParameters=GPIO_Label
PG8.GPIO_Label=SWNT_CTRL_09
PG8.Locked=true
PG8.Signal=GPIO_Output
PG9.GPIOParameters=GPIO_Label
PG9.GPIO_Label=SWNT_CTRL_10
PG9.Locked=true
PG9.Signal=GPIO_Output
PinOutPanel.RotationAngle=0
ProjectManager.AskForMigrate=true
ProjectManager.BackupPrevious=false
ProjectManager.CompilerOptimize=6
ProjectManager.ComputerToolchain=false
ProjectManager.CoupleFile=false
ProjectManager.CustomerFirmwarePackage=
ProjectManager.DefaultFWLocation=true
ProjectManager.DeletePrevious=true
ProjectManager.DeviceId=STM32U575ZITx
ProjectManager.FirmwarePackage=STM32Cube FW_U5 V1.7.0
ProjectManager.FreePins=false
ProjectManager.HalAssertFull=false
ProjectManager.HeapSize=0x200
ProjectManager.KeepUserCode=true
ProjectManager.LPBAM.generateCode=
ProjectManager.LastFirmware=true
ProjectManager.LibraryCopy=1
ProjectManager.MainLocation=Core/Src
ProjectManager.NoMain=false
ProjectManager.PreviousToolchain=
ProjectManager.ProjectBuild=false
ProjectManager.ProjectFileName=DeviceProcessor03.ioc
ProjectManager.ProjectName=DeviceProcessor03
ProjectManager.ProjectStructure=
ProjectManager.RegisterCallBack=
ProjectManager.StackSize=0x400
ProjectManager.TargetToolchain=STM32CubeIDE
ProjectManager.ToolChainLocation=
ProjectManager.UAScriptAfterPath=
ProjectManager.UAScriptBeforePath=
ProjectManager.UnderRoot=true
ProjectManager.functionlistsort=1-SystemClock_Config-RCC-false-HAL-false,2-MX_GPIO_Init-GPIO-false-HAL-true,3-MX_GPDMA1_Init-GPDMA1-false-HAL-true,4-MX_USB_OTG_FS_PCD_Init-USB_OTG_FS-false-HAL-true,5-MX_ICACHE_Init-ICACHE-false-HAL-true,6-MX_TIM8_Init-TIM8-false-HAL-true,7-MX_I2C2_Init-I2C2-false-HAL-true,8-MX_I2C3_Init-I2C3-false-HAL-true,9-MX_SPI2_Init-SPI2-false-HAL-true,10-MX_SPI1_Init-SPI1-false-HAL-true,0-MX_CORTEX_M33_NS_Init-CORTEX_M33_NS-false-HAL-true,0-MX_PWR_Init-PWR-false-HAL-true
RCC.ADCFreq_Value=16000000
RCC.ADF1Freq_Value=160000000
RCC.AHBFreq_Value=160000000
RCC.APB1Freq_Value=160000000
RCC.APB1TimFreq_Value=160000000
RCC.APB2Freq_Value=160000000
RCC.APB2TimFreq_Value=160000000
RCC.APB3Freq_Value=160000000
RCC.CK48Freq_Value=48000000
RCC.CRSFreq_Value=48000000
RCC.CortexFreq_Value=160000000
RCC.DACFreq_Value=32000
RCC.EPOD_VALUE=48000000
RCC.FCLKCortexFreq_Value=160000000
RCC.FDCANFreq_Value=80000000
RCC.FamilyName=M
RCC.HCLKFreq_Value=160000000
RCC.HSE_VALUE=16000000
RCC.HSI48_VALUE=48000000
RCC.HSI_VALUE=16000000
RCC.I2C1Freq_Value=160000000
RCC.I2C2CLockSelection=RCC_I2C2CLKSOURCE_MSIK
RCC.I2C2Freq_Value=4000000
RCC.I2C3CLockSelection=RCC_I2C3CLKSOURCE_MSIK
RCC.I2C3Freq_Value=4000000
RCC.I2C4Freq_Value=160000000
RCC.IPParameters=ADCFreq_Value,ADF1Freq_Value,AHBFreq_Value,APB1Freq_Value,APB1TimFreq_Value,APB2Freq_Value,APB2TimFreq_Value,APB3Freq_Value,CK48Freq_Value,CRSFreq_Value,CortexFreq_Value,DACFreq_Value,EPOD_VALUE,FCLKCortexFreq_Value,FDCANFreq_Value,FamilyName,HCLKFreq_Value,HSE_VALUE,HSI48_VALUE,HSI_VALUE,I2C1Freq_Value,I2C2CLockSelection,I2C2Freq_Value,I2C3CLockSelection,I2C3Freq_Value,I2C4Freq_Value,LPTIM2Freq_Value,LPUART1Freq_Value,LSCOPinFreq_Value,LSE_VALUE,LSIDIV_VALUE,LSI_VALUE,MCO1PinFreq_Value,MDF1Freq_Value,MSIClockRange,MSI_VALUE,OCTOSPIMFreq_Value,PLL1R,PLL2FRACN,PLL2PoutputFreq_Value,PLL2QoutputFreq_Value,PLL2RoutputFreq_Value,PLL3FRACN,PLL3PoutputFreq_Value,PLL3QoutputFreq_Value,PLL3RoutputFreq_Value,PLLFRACN,PLLM,PLLN,PLLPoutputFreq_Value,PLLQoutputFreq_Value,PLLRCLKFreq_Value,RNGFreq_Value,SAI1Freq_Value,SAI2Freq_Value,SDMMCFreq_Value,SPI1CLockSelection,SPI1Freq_Value,SPI2CLockSelection,SPI2Freq_Value,SPI3Freq_Value,SYSCLKFreq_VALUE,SYSCLKSource,UART4Freq_Value,UART5Freq_Value,USART1Freq_Value,USART2Freq_Value,USART3Freq_Value,USBFreq_Value,VCOInput2Freq_Value,VCOInput3Freq_Value,VCOInputFreq_Value,VCOOutputFreq_Value,VCOPLL2OutputFreq_Value,VCOPLL3OutputFreq_Value
RCC.LPTIM2Freq_Value=160000000
RCC.LPUART1Freq_Value=160000000
RCC.LSCOPinFreq_Value=32000
RCC.LSE_VALUE=32768
RCC.LSIDIV_VALUE=32000
RCC.LSI_VALUE=32000
RCC.MCO1PinFreq_Value=160000000
RCC.MDF1Freq_Value=160000000
RCC.MSIClockRange=RCC_MSIRANGE_0
RCC.MSI_VALUE=48000000
RCC.OCTOSPIMFreq_Value=160000000
RCC.PLL1R=1
RCC.PLL2FRACN=0
RCC.PLL2PoutputFreq_Value=3096000000
RCC.PLL2QoutputFreq_Value=3096000000
RCC.PLL2RoutputFreq_Value=3096000000
RCC.PLL3FRACN=0
RCC.PLL3PoutputFreq_Value=3096000000
RCC.PLL3QoutputFreq_Value=3096000000
RCC.PLL3RoutputFreq_Value=3096000000
RCC.PLLFRACN=0
RCC.PLLM=3
RCC.PLLN=10
RCC.PLLPoutputFreq_Value=80000000
RCC.PLLQoutputFreq_Value=80000000
RCC.PLLRCLKFreq_Value=160000000
RCC.RNGFreq_Value=48000000
RCC.SAI1Freq_Value=3096000000
RCC.SAI2Freq_Value=3096000000
RCC.SDMMCFreq_Value=80000000
RCC.SPI1CLockSelection=RCC_SPI1CLKSOURCE_MSIK
RCC.SPI1Freq_Value=4000000
RCC.SPI2CLockSelection=RCC_SPI2CLKSOURCE_MSIK
RCC.SPI2Freq_Value=4000000
RCC.SPI3Freq_Value=160000000
RCC.SYSCLKFreq_VALUE=160000000
RCC.SYSCLKSource=RCC_SYSCLKSOURCE_PLLCLK
RCC.UART4Freq_Value=160000000
RCC.UART5Freq_Value=160000000
RCC.USART1Freq_Value=160000000
RCC.USART2Freq_Value=160000000
RCC.USART3Freq_Value=160000000
RCC.USBFreq_Value=48000000
RCC.VCOInput2Freq_Value=48000000
RCC.VCOInput3Freq_Value=48000000
RCC.VCOInputFreq_Value=16000000
RCC.VCOOutputFreq_Value=160000000
RCC.VCOPLL2OutputFreq_Value=6192000000
RCC.VCOPLL3OutputFreq_Value=6192000000
SH.S_TIM8_CH2.0=TIM8_CH2,PWM Generation2 CH2
SH.S_TIM8_CH2.ConfNb=1
SPI1.CLKPolarity=SPI_POLARITY_HIGH
SPI1.CalculateBaudRate=2.0 MBits/s
SPI1.DataSize=SPI_DATASIZE_8BIT
SPI1.Direction=SPI_DIRECTION_2LINES
SPI1.IPParameters=VirtualType,Mode,Direction,DataSize,VirtualNSS,CalculateBaudRate,CLKPolarity
SPI1.Mode=SPI_MODE_MASTER
SPI1.VirtualNSS=VM_NSSHARD
SPI1.VirtualType=VM_MASTER
SPI2.CLKPolarity=SPI_POLARITY_HIGH
SPI2.CalculateBaudRate=2.0 MBits/s
SPI2.DataSize=SPI_DATASIZE_8BIT
SPI2.Direction=SPI_DIRECTION_2LINES
SPI2.IPParameters=VirtualType,Mode,Direction,CalculateBaudRate,VirtualNSS,DataSize,CLKPolarity
SPI2.Mode=SPI_MODE_MASTER
SPI2.VirtualNSS=VM_NSSHARD
SPI2.VirtualType=VM_MASTER
TIM8.AutoReloadPreload=TIM_AUTORELOAD_PRELOAD_ENABLE
TIM8.Channel-PWM\ Generation2\ CH2=TIM_CHANNEL_2
TIM8.IPParameters=AutoReloadPreload,Channel-PWM Generation2 CH2
USB_OTG_FS.IPParameters=VirtualMode
USB_OTG_FS.VirtualMode=Device_Only
VP_GPDMA1_VS_GPDMACH12.Mode=SIMPLEREQUEST_GPDMACH12
VP_GPDMA1_VS_GPDMACH12.Signal=GPDMA1_VS_GPDMACH12
VP_ICACHE_VS_ENABLE_ICACHE_MEMORY.Mode=Memoryregions
VP_ICACHE_VS_ENABLE_ICACHE_MEMORY.Signal=ICACHE_VS_ENABLE_ICACHE_MEMORY
VP_ICACHE_VS_ICACHE.Mode=DirectMappedCache
VP_ICACHE_VS_ICACHE.Signal=ICACHE_VS_ICACHE
VP_LPBAMQUEUE_VS_QUEUE.Mode=QUEUEMODE
VP_LPBAMQUEUE_VS_QUEUE.Signal=LPBAMQUEUE_VS_QUEUE
VP_LPBAM_VS_SIG1.Mode=SmartRun
VP_LPBAM_VS_SIG1.Signal=LPBAM_VS_SIG1
VP_LPBAM_VS_SIG4.Mode=LPDMA1
VP_LPBAM_VS_SIG4.Signal=LPBAM_VS_SIG4
VP_MEMORYMAP_VS_MEMORYMAP.Mode=CurAppReg
VP_MEMORYMAP_VS_MEMORYMAP.Signal=MEMORYMAP_VS_MEMORYMAP
VP_PWR_VS_SECSignals.Mode=Security/Privilege
VP_PWR_VS_SECSignals.Signal=PWR_VS_SECSignals
VP_SYS_VS_Systick.Mode=SysTick
VP_SYS_VS_Systick.Signal=SYS_VS_Systick
VP_TIM8_VS_ClockSourceINT.Mode=Internal
VP_TIM8_VS_ClockSourceINT.Signal=TIM8_VS_ClockSourceINT
board=custom
isbadioc=false
